
Microsoft Visual Studio Solution File, Format Version 12.00
# Visual Studio Version 16
VisualStudioVersion = 16.0.29613.14
MinimumVisualStudioVersion = 10.0.40219.1
Project("{8BC9CEB8-8B4A-11D0-8D11-00A0C91BC942}") = "Kalculator", "Kalculator\Kalculator.vcxproj", "{C97ED783-467C-49BF-B2F5-492BF227364A}"
EndProject
Global
	GlobalSection(SolutionConfigurationPlatforms) = preSolution
		Debug|x64 = Debug|x64
		Debug|x86 = Debug|x86
		Release|x64 = Release|x64
		Release|x86 = Release|x86
	EndGlobalSection
	GlobalSection(ProjectConfigurationPlatforms) = postSolution
		{C97ED783-467C-49BF-B2F5-492BF227364A}.Debug|x64.ActiveCfg = Debug|x64
		{C97ED783-467C-49BF-B2F5-492BF227364A}.Debug|x64.Build.0 = Debug|x64
		{C97ED783-467C-49BF-B2F5-492BF227364A}.Debug|x86.ActiveCfg = Debug|Win32
		{C97ED783-467C-49BF-B2F5-492BF227364A}.Debug|x86.Build.0 = Debug|Win32
		{C97ED783-467C-49BF-B2F5-492BF227364A}.Release|x64.ActiveCfg = Release|x64
		{C97ED783-467C-49BF-B2F5-492BF227364A}.Release|x64.Build.0 = Release|x64
		{C97ED783-467C-49BF-B2F5-492BF227364A}.Release|x86.ActiveCfg = Release|Win32
		{C97ED783-467C-49BF-B2F5-492BF227364A}.Release|x86.Build.0 = Release|Win32
	EndGlobalSection
	GlobalSection(SolutionProperties) = preSolution
		HideSolutionNode = FALSE
	EndGlobalSection
	GlobalSection(ExtensibilityGlobals) = postSolution
		SolutionGuid = {6410A3F4-1D1E-4A43-AFCD-E0D47F4EE25D}
	EndGlobalSection
EndGlobal
